
Microsoft Visual Studio Solution File, Format Version 12.00
# Visual Studio Version 17
VisualStudioVersion = 17.11.35303.130
MinimumVisualStudioVersion = 10.0.40219.1
Project("{9A19103F-16F7-4668-BE54-9A1E7A4F7556}") = "AdeptusDicus", "AdeptusDicus.csproj", "{30FE9686-3BFA-4DFA-A64D-0FFEBCEE5E80}"
EndProject
Project("{FAE04EC0-301F-11D3-BF4B-00C04F79EFBC}") = "Referentiel", "..\Referentiel\Referentiel.csproj", "{C07C6A57-E983-450B-A2BB-DA9DC20BB05C}"
EndProject
Project("{FAE04EC0-301F-11D3-BF4B-00C04F79EFBC}") = "Shared", "..\Shared\Shared.csproj", "{0372BC2E-E11A-4588-8DAD-B707E487400A}"
EndProject
Global
	GlobalSection(SolutionConfigurationPlatforms) = preSolution
		Debug|Any CPU = Debug|Any CPU
		Release|Any CPU = Release|Any CPU
	EndGlobalSection
	GlobalSection(ProjectConfigurationPlatforms) = postSolution
		{30FE9686-3BFA-4DFA-A64D-0FFEBCEE5E80}.Debug|Any CPU.ActiveCfg = Debug|Any CPU
		{30FE9686-3BFA-4DFA-A64D-0FFEBCEE5E80}.Debug|Any CPU.Build.0 = Debug|Any CPU
		{30FE9686-3BFA-4DFA-A64D-0FFEBCEE5E80}.Release|Any CPU.ActiveCfg = Release|Any CPU
		{30FE9686-3BFA-4DFA-A64D-0FFEBCEE5E80}.Release|Any CPU.Build.0 = Release|Any CPU
		{C07C6A57-E983-450B-A2BB-DA9DC20BB05C}.Debug|Any CPU.ActiveCfg = Debug|Any CPU
		{C07C6A57-E983-450B-A2BB-DA9DC20BB05C}.Debug|Any CPU.Build.0 = Debug|Any CPU
		{C07C6A57-E983-450B-A2BB-DA9DC20BB05C}.Release|Any CPU.ActiveCfg = Release|Any CPU
		{C07C6A57-E983-450B-A2BB-DA9DC20BB05C}.Release|Any CPU.Build.0 = Release|Any CPU
		{0372BC2E-E11A-4588-8DAD-B707E487400A}.Debug|Any CPU.ActiveCfg = Debug|Any CPU
		{0372BC2E-E11A-4588-8DAD-B707E487400A}.Debug|Any CPU.Build.0 = Debug|Any CPU
		{0372BC2E-E11A-4588-8DAD-B707E487400A}.Release|Any CPU.ActiveCfg = Release|Any CPU
		{0372BC2E-E11A-4588-8DAD-B707E487400A}.Release|Any CPU.Build.0 = Release|Any CPU
	EndGlobalSection
	GlobalSection(SolutionProperties) = preSolution
		HideSolutionNode = FALSE
	EndGlobalSection
	GlobalSection(ExtensibilityGlobals) = postSolution
		SolutionGuid = {67AD2FDC-796B-423D-9944-C113ABE646FE}
	EndGlobalSection
EndGlobal
